<?xml version="1.0" encoding="utf-8"?>
<Project ToolsVersion="4.0" xmlns="http://schemas.microsoft.com/developer/msbuild/2003">
  <ItemGroup>
    <Filter Include="Header Files">
      <UniqueIdentifier>{93995380-89BD-4b04-88EB-625FBE52EBFB}</UniqueIdentifier>
      <Extensions>h;hpp;hxx;hm;inl;inc;xsd</Extensions>
    </Filter>
    <Filter Include="Source Files">
      <UniqueIdentifier>{4FC737F1-C7A5-4376-A066-2A32D752A2FF}</UniqueIdentifier>
      <Extensions>cpp;c;cc;cxx;def;odl;idl;hpj;bat;asm;asmx</Extensions>
    </Filter>
    <Filter Include="Resource Files">
      <UniqueIdentifier>{67DA6AB6-F800-4c08-8B7A-83BB121AAD01}</UniqueIdentifier>
      <Extensions>rc;ico;cur;bmp;dlg;rc2;rct;bin;rgs;gif;jpg;jpeg;jpe;resx;tiff;tif;png;wav;mfcribbon-ms</Extensions>
    </Filter>
    <Filter Include="Header Files\network">
      <UniqueIdentifier>{4b8cdb37-5cc0-4165-ae1c-2b292e129866}</UniqueIdentifier>
    </Filter>
    <Filter Include="Source Files\network">
      <UniqueIdentifier>{3a6cd092-04d2-4865-b5e4-ab67a4dfceb9}</UniqueIdentifier>
    </Filter>
    <Filter Include="Header Files\network\messages">
      <UniqueIdentifier>{2e8ef2b5-52bf-4f06-acdf-a1330e77a680}</UniqueIdentifier>
    </Filter>
  </ItemGroup>
  <ItemGroup>
    <ClCompile Include="miner.cpp">
      <Filter>Source Files</Filter>
    </ClCompile>
    <ClCompile Include="mshabal_avx1.c">
      <Filter>Source Files</Filter>
    </ClCompile>
    <ClCompile Include="mshabal_avx2.c">
      <Filter>Source Files</Filter>
    </ClCompile>
    <ClCompile Include="mshabal_sse4.c">
      <Filter>Source Files</Filter>
    </ClCompile>
    <ClCompile Include="sph_shabal.c">
      <Filter>Source Files</Filter>
    </ClCompile>
    <ClCompile Include="mshabal256_avx2.c">
      <Filter>Source Files</Filter>
    </ClCompile>
    <ClCompile Include="picohttpparser.c">
      <Filter>Source Files</Filter>
    </ClCompile>
    <ClCompile Include="network\server.cpp">
      <Filter>Source Files\network</Filter>
    </ClCompile>
    <ClCompile Include="network\network_services.cpp">
      <Filter>Source Files\network</Filter>
    </ClCompile>
    <ClCompile Include="network\network.cpp">
      <Filter>Source Files\network</Filter>
    </ClCompile>
  </ItemGroup>
  <ItemGroup>
    <ClInclude Include="mshabal.h">
      <Filter>Header Files</Filter>
    </ClInclude>
    <ClInclude Include="sph_shabal.h">
      <Filter>Header Files</Filter>
    </ClInclude>
    <ClInclude Include="mshabal256.h">
      <Filter>Header Files</Filter>
    </ClInclude>
    <ClInclude Include="sph_types.h">
      <Filter>Header Files</Filter>
    </ClInclude>
    <ClInclude Include="curses.h">
      <Filter>Header Files</Filter>
    </ClInclude>
    <ClInclude Include="panel.h">
      <Filter>Header Files</Filter>
    </ClInclude>
    <ClInclude Include="shabal_asm.h">
      <Filter>Header Files</Filter>
    </ClInclude>
    <ClInclude Include="resource.h">
      <Filter>Header Files</Filter>
    </ClInclude>
    <ClInclude Include="miner.h">
      <Filter>Header Files</Filter>
    </ClInclude>
    <ClInclude Include="picohttpparser.h">
      <Filter>Header Files</Filter>
    </ClInclude>
    <ClInclude Include="network\server.h">
      <Filter>Header Files\network</Filter>
    </ClInclude>
    <ClInclude Include="network\network.h">
      <Filter>Header Files\network</Filter>
    </ClInclude>
    <ClInclude Include="network\network_services.h">
      <Filter>Header Files\network</Filter>
    </ClInclude>
    <ClInclude Include="network\messages\BaseMessage.h">
      <Filter>Header Files\network\messages</Filter>
    </ClInclude>
    <ClInclude Include="network\messages\HandshakeAckMessage.h">
      <Filter>Header Files\network\messages</Filter>
    </ClInclude>
    <ClInclude Include="network\messages\MiningMessage.h">
      <Filter>Header Files\network\messages</Filter>
    </ClInclude>
  </ItemGroup>
  <ItemGroup>
    <None Include="pdcurses.dll">
      <Filter>Resource Files</Filter>
    </None>
  </ItemGroup>
  <ItemGroup>
    <Image Include="sun.ico">
      <Filter>Resource Files</Filter>
    </Image>
  </ItemGroup>
  <ItemGroup>
    <MASM Include="shabal.asm">
      <Filter>Source Files</Filter>
    </MASM>
  </ItemGroup>
  <ItemGroup>
    <ResourceCompile Include="miner.rc">
      <Filter>Resource Files</Filter>
    </ResourceCompile>
  </ItemGroup>
</Project>